
Microsoft Visual Studio Solution File, Format Version 12.00
# Visual Studio Version 16
VisualStudioVersion = 16.0.32106.194
MinimumVisualStudioVersion = 10.0.40219.1
Project("{FAE04EC0-301F-11D3-BF4B-00C04F79EFBC}") = "MemoryGame", "MemoryGame\MemoryGame.csproj", "{A326E019-F901-40ED-B985-337483774E64}"
EndProject
Global
	GlobalSection(SolutionConfigurationPlatforms) = preSolution
		Debug|Any CPU = Debug|Any CPU
		Release|Any CPU = Release|Any CPU
	EndGlobalSection
	GlobalSection(ProjectConfigurationPlatforms) = postSolution
		{A326E019-F901-40ED-B985-337483774E64}.Debug|Any CPU.ActiveCfg = Debug|Any CPU
		{A326E019-F901-40ED-B985-337483774E64}.Debug|Any CPU.Build.0 = Debug|Any CPU
		{A326E019-F901-40ED-B985-337483774E64}.Release|Any CPU.ActiveCfg = Release|Any CPU
		{A326E019-F901-40ED-B985-337483774E64}.Release|Any CPU.Build.0 = Release|Any CPU
	EndGlobalSection
	GlobalSection(SolutionProperties) = preSolution
		HideSolutionNode = FALSE
	EndGlobalSection
	GlobalSection(ExtensibilityGlobals) = postSolution
		SolutionGuid = {B302DC02-109B-4580-BBAD-78B4DFB6A9F7}
	EndGlobalSection
EndGlobal
